PODS:
  - AFNetworking (2.6.3):
    - AFNetworking/NSURLConnection (= 2.6.3)
    - AFNetworking/NSURLSession (= 2.6.3)
    - AFNetworking/Reachability (= 2.6.3)
    - AFNetworking/Security (= 2.6.3)
    - AFNetworking/Serialization (= 2.6.3)
    - AFNetworking/UIKit (= 2.6.3)
  - AFNetworking/NSURLConnection (2.6.3):
    - AFNetworking/Reachability
    - AFNetworking/Security
    - AFNetworking/Serialization
  - AFNetworking/NSURLSession (2.6.3):
    - AFNetworking/Reachability
    - AFNetworking/Security
    - AFNetworking/Serialization
  - AFNetworking/Reachability (2.6.3)
  - AFNetworking/Security (2.6.3)
  - AFNetworking/Serialization (2.6.3)
  - AFNetworking/UIKit (2.6.3):
    - AFNetworking/NSURLConnection
    - AFNetworking/NSURLSession
  - Bitheri (1.6.5):
    - CocoaLumberjack (~> 1.9.1)
    - FMDB (~> 2.3)
    - OpenSSL (= 1.0.1j)
    - Reachability (~> 3.1.1)
  - CocoaLumberjack (1.9.2):
    - CocoaLumberjack/Extensions (= 1.9.2)
  - CocoaLumberjack/Core (1.9.2)
  - CocoaLumberjack/Extensions (1.9.2):
    - CocoaLumberjack/Core
  - FMDB (2.6.2):
    - FMDB/standard (= 2.6.2)
  - FMDB/standard (2.6.2)
  - FXBlurView (1.6.4)
  - KSCrash (0.0.9):
    - KSCrash/Installations (= 0.0.9)
    - KSCrash/no-arc (= 0.0.9)
    - KSCrash/Recording (= 0.0.9)
    - KSCrash/Reporting (= 0.0.9)
  - KSCrash/Installations (0.0.9):
    - KSCrash/Recording
    - KSCrash/Reporting
  - KSCrash/no-arc (0.0.9)
  - KSCrash/Recording (0.0.9):
    - KSCrash/no-arc
  - KSCrash/Reporting (0.0.9):
    - KSCrash/Recording
    - KSCrash/Reporting/Filters (= 0.0.9)
    - KSCrash/Reporting/Sinks (= 0.0.9)
    - KSCrash/Reporting/Tools (= 0.0.9)
  - KSCrash/Reporting/Filters (0.0.9):
    - KSCrash/Recording
    - KSCrash/Reporting/Filters/Alert (= 0.0.9)
    - KSCrash/Reporting/Filters/AppleFmt (= 0.0.9)
    - KSCrash/Reporting/Filters/Base (= 0.0.9)
    - KSCrash/Reporting/Filters/Basic (= 0.0.9)
    - KSCrash/Reporting/Filters/GZip (= 0.0.9)
    - KSCrash/Reporting/Filters/JSON (= 0.0.9)
    - KSCrash/Reporting/Filters/Sets (= 0.0.9)
  - KSCrash/Reporting/Filters/Alert (0.0.9):
    - KSCrash/Recording
    - KSCrash/Reporting/Filters/Base
  - KSCrash/Reporting/Filters/AppleFmt (0.0.9):
    - KSCrash/Recording
    - KSCrash/Reporting/Filters/Base
  - KSCrash/Reporting/Filters/Base (0.0.9):
    - KSCrash/Recording
  - KSCrash/Reporting/Filters/Basic (0.0.9):
    - KSCrash/Recording
    - KSCrash/Reporting/Filters/Base
  - KSCrash/Reporting/Filters/GZip (0.0.9):
    - KSCrash/Recording
    - KSCrash/Reporting/Filters/Base
  - KSCrash/Reporting/Filters/JSON (0.0.9):
    - KSCrash/Recording
    - KSCrash/Reporting/Filters/Base
  - KSCrash/Reporting/Filters/Sets (0.0.9):
    - KSCrash/Recording
    - KSCrash/Reporting/Filters/AppleFmt
    - KSCrash/Reporting/Filters/Base
    - KSCrash/Reporting/Filters/Basic
    - KSCrash/Reporting/Filters/GZip
    - KSCrash/Reporting/Filters/JSON
  - KSCrash/Reporting/Sinks (0.0.9):
    - KSCrash/Recording
    - KSCrash/Reporting/Filters
    - KSCrash/Reporting/Tools
  - KSCrash/Reporting/Tools (0.0.9):
    - KSCrash/Recording
  - MKNetworkKit (0.87):
    - Reachability (~> 3.1.0)
  - OpenSSL (1.0.1j)
  - Reachability (3.1.1)
  - RegexKitLite (4.0)
  - SimpleKeychain (0.7.0)

DEPENDENCIES:
  - AFNetworking (~> 2.0)
  - Bitheri (from `https://github.com/bither/bitheri.git`, tag `v1.6.5`)
  - FXBlurView
  - KSCrash (~> 0.0.3)
  - MKNetworkKit (~> 0.87)
  - OpenSSL (from `https://github.com/bither/OpenSSL.git`)
  - RegexKitLite (~> 4.0)
  - SimpleKeychain

EXTERNAL SOURCES:
  Bitheri:
    :git: https://github.com/bither/bitheri.git
    :tag: v1.6.5
  OpenSSL:
    :git: https://github.com/bither/OpenSSL.git

CHECKOUT OPTIONS:
  Bitheri:
    :git: https://github.com/bither/bitheri.git
    :tag: v1.6.5
  OpenSSL:
    :commit: b7ff9ed0245e2b5b1a212a1e86131487df4fc518
    :git: https://github.com/bither/OpenSSL.git

SPEC CHECKSUMS:
  AFNetworking: cb8d14a848e831097108418f5d49217339d4eb60
  Bitheri: 8340f687fd276d9ae7d550090204524f097a81ef
  CocoaLumberjack: 628fca2e88ef06f7cf6817309aa405f325d9a6fa
  FMDB: 854a0341b4726e53276f2a8996f06f1b80f9259a
  FXBlurView: db786c2561cb49a09ae98407f52460096ab8a44f
  KSCrash: 2ca11262cd88571992ada7861639a6eb224c6c2a
  MKNetworkKit: 60ad3c83b62183e40ba75ce772c9427c25b520de
  OpenSSL: 6cc604cf322dabb4695f3b7be882a47ed44a8146
  Reachability: dd9aa4fb6667b9f787690a74f53cb7634ce99893
  RegexKitLite: c0e4c12e6e7de0769f3a3ed679f0f61604170661
  SimpleKeychain: b50cef3b87939d480ea1143425c00f5b4b70fe21

PODFILE CHECKSUM: ae06cce03782e7ac039d3167b178460c2f3a8043

COCOAPODS: 1.1.0.rc.2
