PODS:
  - AFNetworking (2.6.0):
    - AFNetworking/NSURLConnection (= 2.6.0)
    - AFNetworking/NSURLSession (= 2.6.0)
    - AFNetworking/Reachability (= 2.6.0)
    - AFNetworking/Security (= 2.6.0)
    - AFNetworking/Serialization (= 2.6.0)
    - AFNetworking/UIKit (= 2.6.0)
  - AFNetworking/NSURLConnection (2.6.0):
    - AFNetworking/Reachability
    - AFNetworking/Security
    - AFNetworking/Serialization
  - AFNetworking/NSURLSession (2.6.0):
    - AFNetworking/Reachability
    - AFNetworking/Security
    - AFNetworking/Serialization
  - AFNetworking/Reachability (2.6.0)
  - AFNetworking/Security (2.6.0)
  - AFNetworking/Serialization (2.6.0)
  - AFNetworking/UIKit (2.6.0):
    - AFNetworking/NSURLConnection
    - AFNetworking/NSURLSession
  - Bitheri (1.4.5):
    - CocoaLumberjack (~> 1.9.1)
    - FMDB (~> 2.3)
    - OpenSSL (= 1.0.1j)
    - Reachability (~> 3.1.1)
  - CocoaLumberjack (1.9.2):
    - CocoaLumberjack/Extensions (= 1.9.2)
  - CocoaLumberjack/Core (1.9.2)
  - CocoaLumberjack/Extensions (1.9.2):
    - CocoaLumberjack/Core
  - FMDB (2.5):
    - FMDB/standard (= 2.5)
  - FMDB/common (2.5)
  - FMDB/standard (2.5):
    - FMDB/common
  - FXBlurView (1.6.4)
  - KSCrash (0.0.6):
    - KSCrash/Installations (= 0.0.6)
    - KSCrash/no-arc (= 0.0.6)
    - KSCrash/Recording (= 0.0.6)
    - KSCrash/Reporting (= 0.0.6)
  - KSCrash/Installations (0.0.6):
    - KSCrash/Recording
    - KSCrash/Reporting
  - KSCrash/no-arc (0.0.6)
  - KSCrash/Recording (0.0.6):
    - KSCrash/no-arc
  - KSCrash/Reporting (0.0.6):
    - KSCrash/Recording
    - KSCrash/Reporting/Filters (= 0.0.6)
    - KSCrash/Reporting/Sinks (= 0.0.6)
    - KSCrash/Reporting/Tools (= 0.0.6)
  - KSCrash/Reporting/Filters (0.0.6):
    - KSCrash/Recording
    - KSCrash/Reporting/Filters/Alert (= 0.0.6)
    - KSCrash/Reporting/Filters/AppleFmt (= 0.0.6)
    - KSCrash/Reporting/Filters/Base (= 0.0.6)
    - KSCrash/Reporting/Filters/Basic (= 0.0.6)
    - KSCrash/Reporting/Filters/GZip (= 0.0.6)
    - KSCrash/Reporting/Filters/JSON (= 0.0.6)
    - KSCrash/Reporting/Filters/Sets (= 0.0.6)
  - KSCrash/Reporting/Filters/Alert (0.0.6):
    - KSCrash/Recording
    - KSCrash/Reporting/Filters/Base
  - KSCrash/Reporting/Filters/AppleFmt (0.0.6):
    - KSCrash/Recording
    - KSCrash/Reporting/Filters/Base
  - KSCrash/Reporting/Filters/Base (0.0.6):
    - KSCrash/Recording
  - KSCrash/Reporting/Filters/Basic (0.0.6):
    - KSCrash/Recording
    - KSCrash/Reporting/Filters/Base
  - KSCrash/Reporting/Filters/GZip (0.0.6):
    - KSCrash/Recording
    - KSCrash/Reporting/Filters/Base
  - KSCrash/Reporting/Filters/JSON (0.0.6):
    - KSCrash/Recording
    - KSCrash/Reporting/Filters/Base
  - KSCrash/Reporting/Filters/Sets (0.0.6):
    - KSCrash/Recording
    - KSCrash/Reporting/Filters/AppleFmt
    - KSCrash/Reporting/Filters/Base
    - KSCrash/Reporting/Filters/Basic
    - KSCrash/Reporting/Filters/GZip
    - KSCrash/Reporting/Filters/JSON
  - KSCrash/Reporting/Sinks (0.0.6):
    - KSCrash/Recording
    - KSCrash/Reporting/Filters
    - KSCrash/Reporting/Tools
  - KSCrash/Reporting/Tools (0.0.6):
    - KSCrash/Recording
  - MKNetworkKit (0.87):
    - Reachability (~> 3.1.0)
  - OpenSSL (1.0.1j)
  - Reachability (3.1.1)
  - RegexKitLite (4.0)
  - SimpleKeychain (0.5.0)

DEPENDENCIES:
  - AFNetworking (~> 2.0)
  - Bitheri (from `https://github.com/bither/bitheri.git`, branch `develop`)
  - FXBlurView
  - KSCrash (~> 0.0.3)
  - MKNetworkKit (~> 0.87)
  - OpenSSL (from `https://github.com/bither/OpenSSL.git`, branch `master`)
  - RegexKitLite (~> 4.0)
  - SimpleKeychain

EXTERNAL SOURCES:
  Bitheri:
    :branch: develop
    :git: https://github.com/bither/bitheri.git
  OpenSSL:
    :branch: master
    :git: https://github.com/bither/OpenSSL.git

CHECKOUT OPTIONS:
  Bitheri:
    :commit: d7e909fa208c3ab527fc0521e7669ca587775c75
    :git: https://github.com/bither/bitheri.git
  OpenSSL:
    :commit: af7a25d9934454dcff168241dc77a84cd463492d
    :git: https://github.com/bither/OpenSSL.git

SPEC CHECKSUMS:
  AFNetworking: 79f7eb1a0fcfa7beb409332b2ca49afe9ce53b05
  Bitheri: 2b0ff81a066d156172b837516ca7059259f0b316
  CocoaLumberjack: 628fca2e88ef06f7cf6817309aa405f325d9a6fa
  FMDB: 96e8f1bcc1329e269330f99770ad4285d9003e52
  FXBlurView: db786c2561cb49a09ae98407f52460096ab8a44f
  KSCrash: c6ab634b7d7c63d6b9abc2ef00f995cbd9eead1e
  MKNetworkKit: 60ad3c83b62183e40ba75ce772c9427c25b520de
  OpenSSL: 6cc604cf322dabb4695f3b7be882a47ed44a8146
  Reachability: dd9aa4fb6667b9f787690a74f53cb7634ce99893
  RegexKitLite: c0e4c12e6e7de0769f3a3ed679f0f61604170661
  SimpleKeychain: ae04c7ca6a960a146081010b412cf0ba2ecb10fe

COCOAPODS: 0.39.0
